{
  "name": "rbx-timeout",
  "version": "1.0.3",
  "lockfileVersion": 1,
  "requires": true,
  "dependencies": {
    "rbx-services": {
      "version": "1.0.20",
      "resolved": "https://registry.npmjs.org/rbx-services/-/rbx-services-1.0.20.tgz",
      "integrity": "sha512-6Bg+jZ103UbZgXhftUVGjHki1Sl8QpG3srpk4cKbTh/+mXgpR48mDfrGOF1Kb1BJ/peM8T61XKcIF8uJoNGs7Q=="
    },
    "rbx-wait": {
      "version": "1.0.1",
      "resolved": "https://registry.npmjs.org/rbx-wait/-/rbx-wait-1.0.1.tgz",
      "integrity": "sha512-J/Ey2UD3Q8wQ/dCK1u8+AxTJ+uMX35cd6DtjOmyIzczKcZakdHi7lrfMvzCHuSH4Xs9W5A742U7KMSyUS8pLSg==",
      "requires": {
        "rbx-services": "^1.0.20"
      }
    }
  }
}
